// !$*UTF8*$!
{
	archiveVersion = 1;
	classes = {
	};
	objectVersion = 46;
	objects = {

/* Begin PBXBuildFile section */
		9BC059F81F3187190082CDD3 /* main.m in Sources */ = {isa = PBXBuildFile; fileRef = 9BC059F71F3187190082CDD3 /* main.m */; };
		9BC059FB1F3187190082CDD3 /* AppDelegate.m in Sources */ = {isa = PBXBuildFile; fileRef = 9BC059FA1F3187190082CDD3 /* AppDelegate.m */; };
		9BC059FE1F3187190082CDD3 /* ViewController.m in Sources */ = {isa = PBXBuildFile; fileRef = 9BC059FD1F3187190082CDD3 /* ViewController.m */; };
		9BC05A011F3187190082CDD3 /* Main.storyboard in Resources */ = {isa = PBXBuildFile; fileRef = 9BC059FF1F3187190082CDD3 /* Main.storyboard */; };
		9BC05A031F3187190082CDD3 /* Assets.xcassets in Resources */ = {isa = PBXBuildFile; fileRef = 9BC05A021F3187190082CDD3 /* Assets.xcassets */; };
		9BC05A061F3187190082CDD3 /* LaunchScreen.storyboard in Resources */ = {isa = PBXBuildFile; fileRef = 9BC05A041F3187190082CDD3 /* LaunchScreen.storyboard */; };
		9BC05A111F31871A0082CDD3 /* NumberPickerViewDemoTests.m in Sources */ = {isa = PBXBuildFile; fileRef = 9BC05A101F31871A0082CDD3 /* NumberPickerViewDemoTests.m */; };
		9BC05A1C1F31871A0082CDD3 /* NumberPickerViewDemoUITests.m in Sources */ = {isa = PBXBuildFile; fileRef = 9BC05A1B1F31871A0082CDD3 /* NumberPickerViewDemoUITests.m */; };
		9BC05A2B1F31998D0082CDD3 /* YSYNumberPickerView.m in Sources */ = {isa = PBXBuildFile; fileRef = 9BC05A2A1F31998D0082CDD3 /* YSYNumberPickerView.m */; };
/* End PBXBuildFile section */

/* Begin PBXContainerItemProxy section */
		9BC05A0D1F31871A0082CDD3 /* PBXContainerItemProxy */ = {
			isa = PBXContainerItemProxy;
			containerPortal = 9BC059EB1F3187190082CDD3 /* Project object */;
			proxyType = 1;
			remoteGlobalIDString = 9BC059F21F3187190082CDD3;
			remoteInfo = NumberPickerViewDemo;
		};
		9BC05A181F31871A0082CDD3 /* PBXContainerItemProxy */ = {
			isa = PBXContainerItemProxy;
			containerPortal = 9BC059EB1F3187190082CDD3 /* Project object */;
			proxyType = 1;
			remoteGlobalIDString = 9BC059F21F3187190082CDD3;
			remoteInfo = NumberPickerViewDemo;
		};
/* End PBXContainerItemProxy section */

/* Begin PBXFileReference section */
		9BC059F31F3187190082CDD3 /* NumberPickerViewDemo.app */ = {isa = PBXFileReference; explicitFileType = wrapper.application; includeInIndex = 0; path = NumberPickerViewDemo.app; sourceTree = BUILT_PRODUCTS_DIR; };
		9BC059F71F3187190082CDD3 /* main.m */ = {isa = PBXFileReference; lastKnownFileType = sourcecode.c.objc; path = main.m; sourceTree = "<group>"; };
		9BC059F91F3187190082CDD3 /* AppDelegate.h */ = {isa = PBXFileReference; lastKnownFileType = sourcecode.c.h; path = AppDelegate.h; sourceTree = "<group>"; };
		9BC059FA1F3187190082CDD3 /* AppDelegate.m */ = {isa = PBXFileReference; lastKnownFileType = sourcecode.c.objc; path = AppDelegate.m; sourceTree = "<group>"; };
		9BC059FC1F3187190082CDD3 /* ViewController.h */ = {isa = PBXFileReference; lastKnownFileType = sourcecode.c.h; path = ViewController.h; sourceTree = "<group>"; };
		9BC059FD1F3187190082CDD3 /* ViewController.m */ = {isa = PBXFileReference; lastKnownFileType = sourcecode.c.objc; path = ViewController.m; sourceTree = "<group>"; };
		9BC05A001F3187190082CDD3 /* Base */ = {isa = PBXFileReference; lastKnownFileType = file.storyboard; name = Base; path = Base.lproj/Main.storyboard; sourceTree = "<group>"; };
		9BC05A021F3187190082CDD3 /* Assets.xcassets */ = {isa = PBXFileReference; lastKnownFileType = folder.assetcatalog; path = Assets.xcassets; sourceTree = "<group>"; };
		9BC05A051F3187190082CDD3 /* Base */ = {isa = PBXFileReference; lastKnownFileType = file.storyboard; name = Base; path = Base.lproj/LaunchScreen.storyboard; sourceTree = "<group>"; };
		9BC05A071F3187190082CDD3 /* Info.plist */ = {isa = PBXFileReference; lastKnownFileType = text.plist.xml; path = Info.plist; sourceTree = "<group>"; };
		9BC05A0C1F31871A0082CDD3 /* NumberPickerViewDemoTests.xctest */ = {isa = PBXFileReference; explicitFileType = wrapper.cfbundle; includeInIndex = 0; path = NumberPickerViewDemoTests.xctest; sourceTree = BUILT_PRODUCTS_DIR; };
		9BC05A101F31871A0082CDD3 /* NumberPickerViewDemoTests.m */ = {isa = PBXFileReference; lastKnownFileType = sourcecode.c.objc; path = NumberPickerViewDemoTests.m; sourceTree = "<group>"; };
		9BC05A121F31871A0082CDD3 /* Info.plist */ = {isa = PBXFileReference; lastKnownFileType = text.plist.xml; path = Info.plist; sourceTree = "<group>"; };
		9BC05A171F31871A0082CDD3 /* NumberPickerViewDemoUITests.xctest */ = {isa = PBXFileReference; explicitFileType = wrapper.cfbundle; includeInIndex = 0; path = NumberPickerViewDemoUITests.xctest; sourceTree = BUILT_PRODUCTS_DIR; };
		9BC05A1B1F31871A0082CDD3 /* NumberPickerViewDemoUITests.m */ = {isa = PBXFileReference; lastKnownFileType = sourcecode.c.objc; path = NumberPickerViewDemoUITests.m; sourceTree = "<group>"; };
		9BC05A1D1F31871A0082CDD3 /* Info.plist */ = {isa = PBXFileReference; lastKnownFileType = text.plist.xml; path = Info.plist; sourceTree = "<group>"; };
		9BC05A291F31998D0082CDD3 /* YSYNumberPickerView.h */ = {isa = PBXFileReference; fileEncoding = 4; lastKnownFileType = sourcecode.c.h; path = YSYNumberPickerView.h; sourceTree = "<group>"; };
		9BC05A2A1F31998D0082CDD3 /* YSYNumberPickerView.m */ = {isa = PBXFileReference; fileEncoding = 4; lastKnownFileType = sourcecode.c.objc; path = YSYNumberPickerView.m; sourceTree = "<group>"; };
/* End PBXFileReference section */

/* Begin PBXFrameworksBuildPhase section */
		9BC059F01F3187190082CDD3 /* Frameworks */ = {
			isa = PBXFrameworksBuildPhase;
			buildActionMask = 2147483647;
			files = (
			);
			runOnlyForDeploymentPostprocessing = 0;
		};
		9BC05A091F31871A0082CDD3 /* Frameworks */ = {
			isa = PBXFrameworksBuildPhase;
			buildActionMask = 2147483647;
			files = (
			);
			runOnlyForDeploymentPostprocessing = 0;
		};
		9BC05A141F31871A0082CDD3 /* Frameworks */ = {
			isa = PBXFrameworksBuildPhase;
			buildActionMask = 2147483647;
			files = (
			);
			runOnlyForDeploymentPostprocessing = 0;
		};
/* End PBXFrameworksBuildPhase section */

/* Begin PBXGroup section */
		9BC059EA1F3187190082CDD3 = {
			isa = PBXGroup;
			children = (
				9BC059F51F3187190082CDD3 /* NumberPickerViewDemo */,
				9BC05A0F1F31871A0082CDD3 /* NumberPickerViewDemoTests */,
				9BC05A1A1F31871A0082CDD3 /* NumberPickerViewDemoUITests */,
				9BC059F41F3187190082CDD3 /* Products */,
			);
			sourceTree = "<group>";
		};
		9BC059F41F3187190082CDD3 /* Products */ = {
			isa = PBXGroup;
			children = (
				9BC059F31F3187190082CDD3 /* NumberPickerViewDemo.app */,
				9BC05A0C1F31871A0082CDD3 /* NumberPickerViewDemoTests.xctest */,
				9BC05A171F31871A0082CDD3 /* NumberPickerViewDemoUITests.xctest */,
			);
			name = Products;
			sourceTree = "<group>";
		};
		9BC059F51F3187190082CDD3 /* NumberPickerViewDemo */ = {
			isa = PBXGroup;
			children = (
				9BC059F91F3187190082CDD3 /* AppDelegate.h */,
				9BC059FA1F3187190082CDD3 /* AppDelegate.m */,
				9BC059FC1F3187190082CDD3 /* ViewController.h */,
				9BC059FD1F3187190082CDD3 /* ViewController.m */,
				9BC059FF1F3187190082CDD3 /* Main.storyboard */,
				9BC05A021F3187190082CDD3 /* Assets.xcassets */,
				9BC05A041F3187190082CDD3 /* LaunchScreen.storyboard */,
				9BC05A071F3187190082CDD3 /* Info.plist */,
				9BC059F61F3187190082CDD3 /* Supporting Files */,
				9BC05A291F31998D0082CDD3 /* YSYNumberPickerView.h */,
				9BC05A2A1F31998D0082CDD3 /* YSYNumberPickerView.m */,
			);
			path = NumberPickerViewDemo;
			sourceTree = "<group>";
		};
		9BC059F61F3187190082CDD3 /* Supporting Files */ = {
			isa = PBXGroup;
			children = (
				9BC059F71F3187190082CDD3 /* main.m */,
			);
			name = "Supporting Files";
			sourceTree = "<group>";
		};
		9BC05A0F1F31871A0082CDD3 /* NumberPickerViewDemoTests */ = {
			isa = PBXGroup;
			children = (
				9BC05A101F31871A0082CDD3 /* NumberPickerViewDemoTests.m */,
				9BC05A121F31871A0082CDD3 /* Info.plist */,
			);
			path = NumberPickerViewDemoTests;
			sourceTree = "<group>";
		};
		9BC05A1A1F31871A0082CDD3 /* NumberPickerViewDemoUITests */ = {
			isa = PBXGroup;
			children = (
				9BC05A1B1F31871A0082CDD3 /* NumberPickerViewDemoUITests.m */,
				9BC05A1D1F31871A0082CDD3 /* Info.plist */,
			);
			path = NumberPickerViewDemoUITests;
			sourceTree = "<group>";
		};
/* End PBXGroup section */

/* Begin PBXNativeTarget section */
		9BC059F21F3187190082CDD3 /* NumberPickerViewDemo */ = {
			isa = PBXNativeTarget;
			buildConfigurationList = 9BC05A201F31871A0082CDD3 /* Build configuration list for PBXNativeTarget "NumberPickerViewDemo" */;
			buildPhases = (
				9BC059EF1F3187190082CDD3 /* Sources */,
				9BC059F01F3187190082CDD3 /* Frameworks */,
				9BC059F11F3187190082CDD3 /* Resources */,
			);
			buildRules = (
			);
			dependencies = (
			);
			name = NumberPickerViewDemo;
			productName = NumberPickerViewDemo;
			productReference = 9BC059F31F3187190082CDD3 /* NumberPickerViewDemo.app */;
			productType = "com.apple.product-type.application";
		};
		9BC05A0B1F31871A0082CDD3 /* NumberPickerViewDemoTests */ = {
			isa = PBXNativeTarget;
			buildConfigurationList = 9BC05A231F31871A0082CDD3 /* Build configuration list for PBXNativeTarget "NumberPickerViewDemoTests" */;
			buildPhases = (
				9BC05A081F31871A0082CDD3 /* Sources */,
				9BC05A091F31871A0082CDD3 /* Frameworks */,
				9BC05A0A1F31871A0082CDD3 /* Resources */,
			);
			buildRules = (
			);
			dependencies = (
				9BC05A0E1F31871A0082CDD3 /* PBXTargetDependency */,
			);
			name = NumberPickerViewDemoTests;
			productName = NumberPickerViewDemoTests;
			productReference = 9BC05A0C1F31871A0082CDD3 /* NumberPickerViewDemoTests.xctest */;
			productType = "com.apple.product-type.bundle.unit-test";
		};
		9BC05A161F31871A0082CDD3 /* NumberPickerViewDemoUITests */ = {
			isa = PBXNativeTarget;
			buildConfigurationList = 9BC05A261F31871A0082CDD3 /* Build configuration list for PBXNativeTarget "NumberPickerViewDemoUITests" */;
			buildPhases = (
				9BC05A131F31871A0082CDD3 /* Sources */,
				9BC05A141F31871A0082CDD3 /* Frameworks */,
				9BC05A151F31871A0082CDD3 /* Resources */,
			);
			buildRules = (
			);
			dependencies = (
				9BC05A191F31871A0082CDD3 /* PBXTargetDependency */,
			);
			name = NumberPickerViewDemoUITests;
			productName = NumberPickerViewDemoUITests;
			productReference = 9BC05A171F31871A0082CDD3 /* NumberPickerViewDemoUITests.xctest */;
			productType = "com.apple.product-type.bundle.ui-testing";
		};
/* End PBXNativeTarget section */

/* Begin PBXProject section */
		9BC059EB1F3187190082CDD3 /* Project object */ = {
			isa = PBXProject;
			attributes = {
				LastUpgradeCheck = 0830;
				ORGANIZATIONNAME = zzk;
				TargetAttributes = {
					9BC059F21F3187190082CDD3 = {
						CreatedOnToolsVersion = 8.3.2;
						ProvisioningStyle = Automatic;
					};
					9BC05A0B1F31871A0082CDD3 = {
						CreatedOnToolsVersion = 8.3.2;
						ProvisioningStyle = Automatic;
						TestTargetID = 9BC059F21F3187190082CDD3;
					};
					9BC05A161F31871A0082CDD3 = {
						CreatedOnToolsVersion = 8.3.2;
						ProvisioningStyle = Automatic;
						TestTargetID = 9BC059F21F3187190082CDD3;
					};
				};
			};
			buildConfigurationList = 9BC059EE1F3187190082CDD3 /* Build configuration list for PBXProject "NumberPickerViewDemo" */;
			compatibilityVersion = "Xcode 3.2";
			developmentRegion = English;
			hasScannedForEncodings = 0;
			knownRegions = (
				en,
				Base,
			);
			mainGroup = 9BC059EA1F3187190082CDD3;
			productRefGroup = 9BC059F41F3187190082CDD3 /* Products */;
			projectDirPath = "";
			projectRoot = "";
			targets = (
				9BC059F21F3187190082CDD3 /* NumberPickerViewDemo */,
				9BC05A0B1F31871A0082CDD3 /* NumberPickerViewDemoTests */,
				9BC05A161F31871A0082CDD3 /* NumberPickerViewDemoUITests */,
			);
		};
/* End PBXProject section */

/* Begin PBXResourcesBuildPhase section */
		9BC059F11F3187190082CDD3 /* Resources */ = {
			isa = PBXResourcesBuildPhase;
			buildActionMask = 2147483647;
			files = (
				9BC05A061F3187190082CDD3 /* LaunchScreen.storyboard in Resources */,
				9BC05A031F3187190082CDD3 /* Assets.xcassets in Resources */,
				9BC05A011F3187190082CDD3 /* Main.storyboard in Resources */,
			);
			runOnlyForDeploymentPostprocessing = 0;
		};
		9BC05A0A1F31871A0082CDD3 /* Resources */ = {
			isa = PBXResourcesBuildPhase;
			buildActionMask = 2147483647;
			files = (
			);
			runOnlyForDeploymentPostprocessing = 0;
		};
		9BC05A151F31871A0082CDD3 /* Resources */ = {
			isa = PBXResourcesBuildPhase;
			buildActionMask = 2147483647;
			files = (
			);
			runOnlyForDeploymentPostprocessing = 0;
		};
/* End PBXResourcesBuildPhase section */

/* Begin PBXSourcesBuildPhase section */
		9BC059EF1F3187190082CDD3 /* Sources */ = {
			isa = PBXSourcesBuildPhase;
			buildActionMask = 2147483647;
			files = (
				9BC059FE1F3187190082CDD3 /* ViewController.m in Sources */,
				9BC059FB1F3187190082CDD3 /* AppDelegate.m in Sources */,
				9BC059F81F3187190082CDD3 /* main.m in Sources */,
				9BC05A2B1F31998D0082CDD3 /* YSYNumberPickerView.m in Sources */,
			);
			runOnlyForDeploymentPostprocessing = 0;
		};
		9BC05A081F31871A0082CDD3 /* Sources */ = {
			isa = PBXSourcesBuildPhase;
			buildActionMask = 2147483647;
			files = (
				9BC05A111F31871A0082CDD3 /* NumberPickerViewDemoTests.m in Sources */,
			);
			runOnlyForDeploymentPostprocessing = 0;
		};
		9BC05A131F31871A0082CDD3 /* Sources */ = {
			isa = PBXSourcesBuildPhase;
			buildActionMask = 2147483647;
			files = (
				9BC05A1C1F31871A0082CDD3 /* NumberPickerViewDemoUITests.m in Sources */,
			);
			runOnlyForDeploymentPostprocessing = 0;
		};
/* End PBXSourcesBuildPhase section */

/* Begin PBXTargetDependency section */
		9BC05A0E1F31871A0082CDD3 /* PBXTargetDependency */ = {
			isa = PBXTargetDependency;
			target = 9BC059F21F3187190082CDD3 /* NumberPickerViewDemo */;
			targetProxy = 9BC05A0D1F31871A0082CDD3 /* PBXContainerItemProxy */;
		};
		9BC05A191F31871A0082CDD3 /* PBXTargetDependency */ = {
			isa = PBXTargetDependency;
			target = 9BC059F21F3187190082CDD3 /* NumberPickerViewDemo */;
			targetProxy = 9BC05A181F31871A0082CDD3 /* PBXContainerItemProxy */;
		};
/* End PBXTargetDependency section */

/* Begin PBXVariantGroup section */
		9BC059FF1F3187190082CDD3 /* Main.storyboard */ = {
			isa = PBXVariantGroup;
			children = (
				9BC05A001F3187190082CDD3 /* Base */,
			);
			name = Main.storyboard;
			sourceTree = "<group>";
		};
		9BC05A041F3187190082CDD3 /* LaunchScreen.storyboard */ = {
			isa = PBXVariantGroup;
			children = (
				9BC05A051F3187190082CDD3 /* Base */,
			);
			name = LaunchScreen.storyboard;
			sourceTree = "<group>";
		};
/* End PBXVariantGroup section */

/* Begin XCBuildConfiguration section */
		9BC05A1E1F31871A0082CDD3 /* Debug */ = {
			isa = XCBuildConfiguration;
			buildSettings = {
				ALWAYS_SEARCH_USER_PATHS = NO;
				CLANG_ANALYZER_NONNULL = YES;
				CLANG_ANALYZER_NUMBER_OBJECT_CONVERSION = YES_AGGRESSIVE;
				CLANG_CXX_LANGUAGE_STANDARD = "gnu++0x";
				CLANG_CXX_LIBRARY = "libc++";
				CLANG_ENABLE_MODULES = YES;
				CLANG_ENABLE_OBJC_ARC = YES;
				CLANG_WARN_BOOL_CONVERSION = YES;
				CLANG_WARN_CONSTANT_CONVERSION = YES;
				CLANG_WARN_DIRECT_OBJC_ISA_USAGE = YES_ERROR;
				CLANG_WARN_DOCUMENTATION_COMMENTS = YES;
				CLANG_WARN_EMPTY_BODY = YES;
				CLANG_WARN_ENUM_CONVERSION = YES;
				CLANG_WARN_INFINITE_RECURSION = YES;
				CLANG_WARN_INT_CONVERSION = YES;
				CLANG_WARN_OBJC_ROOT_CLASS = YES_ERROR;
				CLANG_WARN_SUSPICIOUS_MOVE = YES;
				CLANG_WARN_UNREACHABLE_CODE = YES;
				CLANG_WARN__DUPLICATE_METHOD_MATCH = YES;
				"CODE_SIGN_IDENTITY[sdk=iphoneos*]" = "iPhone Developer";
				COPY_PHASE_STRIP = NO;
				DEBUG_INFORMATION_FORMAT = dwarf;
				ENABLE_STRICT_OBJC_MSGSEND = YES;
				ENABLE_TESTABILITY = YES;
				GCC_C_LANGUAGE_STANDARD = gnu99;
				GCC_DYNAMIC_NO_PIC = NO;
				GCC_NO_COMMON_BLOCKS = YES;
				GCC_OPTIMIZATION_LEVEL = 0;
				GCC_PREPROCESSOR_DEFINITIONS = (
					"DEBUG=1",
					"$(inherited)",
				);
				GCC_WARN_64_TO_32_BIT_CONVERSION = YES;
				GCC_WARN_ABOUT_RETURN_TYPE = YES_ERROR;
				GCC_WARN_UNDECLARED_SELECTOR = YES;
				GCC_WARN_UNINITIALIZED_AUTOS = YES_AGGRESSIVE;
				GCC_WARN_UNUSED_FUNCTION = YES;
				GCC_WARN_UNUSED_VARIABLE = YES;
				IPHONEOS_DEPLOYMENT_TARGET = 10.3;
				MTL_ENABLE_DEBUG_INFO = YES;
				ONLY_ACTIVE_ARCH = YES;
				SDKROOT = iphoneos;
			};
			name = Debug;
		};
		9BC05A1F1F31871A0082CDD3 /* Release */ = {
			isa = XCBuildConfiguration;
			buildSettings = {
				ALWAYS_SEARCH_USER_PATHS = NO;
				CLANG_ANALYZER_NONNULL = YES;
				CLANG_ANALYZER_NUMBER_OBJECT_CONVERSION = YES_AGGRESSIVE;
				CLANG_CXX_LANGUAGE_STANDARD = "gnu++0x";
				CLANG_CXX_LIBRARY = "libc++";
				CLANG_ENABLE_MODULES = YES;
				CLANG_ENABLE_OBJC_ARC = YES;
				CLANG_WARN_BOOL_CONVERSION = YES;
				CLANG_WARN_CONSTANT_CONVERSION = YES;
				CLANG_WARN_DIRECT_OBJC_ISA_USAGE = YES_ERROR;
				CLANG_WARN_DOCUMENTATION_COMMENTS = YES;
				CLANG_WARN_EMPTY_BODY = YES;
				CLANG_WARN_ENUM_CONVERSION = YES;
				CLANG_WARN_INFINITE_RECURSION = YES;
				CLANG_WARN_INT_CONVERSION = YES;
				CLANG_WARN_OBJC_ROOT_CLASS = YES_ERROR;
				CLANG_WARN_SUSPICIOUS_MOVE = YES;
				CLANG_WARN_UNREACHABLE_CODE = YES;
				CLANG_WARN__DUPLICATE_METHOD_MATCH = YES;
				"CODE_SIGN_IDENTITY[sdk=iphoneos*]" = "iPhone Developer";
				COPY_PHASE_STRIP = NO;
				DEBUG_INFORMATION_FORMAT = "dwarf-with-dsym";
				ENABLE_NS_ASSERTIONS = NO;
				ENABLE_STRICT_OBJC_MSGSEND = YES;
				GCC_C_LANGUAGE_STANDARD = gnu99;
				GCC_NO_COMMON_BLOCKS = YES;
				GCC_WARN_64_TO_32_BIT_CONVERSION = YES;
				GCC_WARN_ABOUT_RETURN_TYPE = YES_ERROR;
				GCC_WARN_UNDECLARED_SELECTOR = YES;
				GCC_WARN_UNINITIALIZED_AUTOS = YES_AGGRESSIVE;
				GCC_WARN_UNUSED_FUNCTION = YES;
				GCC_WARN_UNUSED_VARIABLE = YES;
				IPHONEOS_DEPLOYMENT_TARGET = 10.3;
				MTL_ENABLE_DEBUG_INFO = NO;
				SDKROOT = iphoneos;
				VALIDATE_PRODUCT = YES;
			};
			name = Release;
		};
		9BC05A211F31871A0082CDD3 /* Debug */ = {
			isa = XCBuildConfiguration;
			buildSettings = {
				ASSETCATALOG_COMPILER_APPICON_NAME = AppIcon;
				INFOPLIST_FILE = NumberPickerViewDemo/Info.plist;
				LD_RUNPATH_SEARCH_PATHS = "$(inherited) @executable_path/Frameworks";
				PRODUCT_BUNDLE_IDENTIFIER = com.zzkong.NumberPickerViewDemo;
				PRODUCT_NAME = "$(TARGET_NAME)";
			};
			name = Debug;
		};
		9BC05A221F31871A0082CDD3 /* Release */ = {
			isa = XCBuildConfiguration;
			buildSettings = {
				ASSETCATALOG_COMPILER_APPICON_NAME = AppIcon;
				INFOPLIST_FILE = NumberPickerViewDemo/Info.plist;
				LD_RUNPATH_SEARCH_PATHS = "$(inherited) @executable_path/Frameworks";
				PRODUCT_BUNDLE_IDENTIFIER = com.zzkong.NumberPickerViewDemo;
				PRODUCT_NAME = "$(TARGET_NAME)";
			};
			name = Release;
		};
		9BC05A241F31871A0082CDD3 /* Debug */ = {
			isa = XCBuildConfiguration;
			buildSettings = {
				BUNDLE_LOADER = "$(TEST_HOST)";
				INFOPLIST_FILE = NumberPickerViewDemoTests/Info.plist;
				LD_RUNPATH_SEARCH_PATHS = "$(inherited) @executable_path/Frameworks @loader_path/Frameworks";
				PRODUCT_BUNDLE_IDENTIFIER = com.zzkong.NumberPickerViewDemoTests;
				PRODUCT_NAME = "$(TARGET_NAME)";
				TEST_HOST = "$(BUILT_PRODUCTS_DIR)/NumberPickerViewDemo.app/NumberPickerViewDemo";
			};
			name = Debug;
		};
		9BC05A251F31871A0082CDD3 /* Release */ = {
			isa = XCBuildConfiguration;
			buildSettings = {
				BUNDLE_LOADER = "$(TEST_HOST)";
				INFOPLIST_FILE = NumberPickerViewDemoTests/Info.plist;
				LD_RUNPATH_SEARCH_PATHS = "$(inherited) @executable_path/Frameworks @loader_path/Frameworks";
				PRODUCT_BUNDLE_IDENTIFIER = com.zzkong.NumberPickerViewDemoTests;
				PRODUCT_NAME = "$(TARGET_NAME)";
				TEST_HOST = "$(BUILT_PRODUCTS_DIR)/NumberPickerViewDemo.app/NumberPickerViewDemo";
			};
			name = Release;
		};
		9BC05A271F31871A0082CDD3 /* Debug */ = {
			isa = XCBuildConfiguration;
			buildSettings = {
				INFOPLIST_FILE = NumberPickerViewDemoUITests/Info.plist;
				LD_RUNPATH_SEARCH_PATHS = "$(inherited) @executable_path/Frameworks @loader_path/Frameworks";
				PRODUCT_BUNDLE_IDENTIFIER = com.zzkong.NumberPickerViewDemoUITests;
				PRODUCT_NAME = "$(TARGET_NAME)";
				TEST_TARGET_NAME = NumberPickerViewDemo;
			};
			name = Debug;
		};
		9BC05A281F31871A0082CDD3 /* Release */ = {
			isa = XCBuildConfiguration;
			buildSettings = {
				INFOPLIST_FILE = NumberPickerViewDemoUITests/Info.plist;
				LD_RUNPATH_SEARCH_PATHS = "$(inherited) @executable_path/Frameworks @loader_path/Frameworks";
				PRODUCT_BUNDLE_IDENTIFIER = com.zzkong.NumberPickerViewDemoUITests;
				PRODUCT_NAME = "$(TARGET_NAME)";
				TEST_TARGET_NAME = NumberPickerViewDemo;
			};
			name = Release;
		};
/* End XCBuildConfiguration section */

/* Begin XCConfigurationList section */
		9BC059EE1F3187190082CDD3 /* Build configuration list for PBXProject "NumberPickerViewDemo" */ = {
			isa = XCConfigurationList;
			buildConfigurations = (
				9BC05A1E1F31871A0082CDD3 /* Debug */,
				9BC05A1F1F31871A0082CDD3 /* Release */,
			);
			defaultConfigurationIsVisible = 0;
			defaultConfigurationName = Release;
		};
		9BC05A201F31871A0082CDD3 /* Build configuration list for PBXNativeTarget "NumberPickerViewDemo" */ = {
			isa = XCConfigurationList;
			buildConfigurations = (
				9BC05A211F31871A0082CDD3 /* Debug */,
				9BC05A221F31871A0082CDD3 /* Release */,
			);
			defaultConfigurationIsVisible = 0;
		};
		9BC05A231F31871A0082CDD3 /* Build configuration list for PBXNativeTarget "NumberPickerViewDemoTests" */ = {
			isa = XCConfigurationList;
			buildConfigurations = (
				9BC05A241F31871A0082CDD3 /* Debug */,
				9BC05A251F31871A0082CDD3 /* Release */,
			);
			defaultConfigurationIsVisible = 0;
		};
		9BC05A261F31871A0082CDD3 /* Build configuration list for PBXNativeTarget "NumberPickerViewDemoUITests" */ = {
			isa = XCConfigurationList;
			buildConfigurations = (
				9BC05A271F31871A0082CDD3 /* Debug */,
				9BC05A281F31871A0082CDD3 /* Release */,
			);
			defaultConfigurationIsVisible = 0;
		};
/* End XCConfigurationList section */
	};
	rootObject = 9BC059EB1F3187190082CDD3 /* Project object */;
}
