// !$*UTF8*$!
{
	archiveVersion = 1;
	classes = {
	};
	objectVersion = 46;
	objects = {

/* Begin PBXBuildFile section */
		9B44827C1F1A5AD200775C2B /* main.m in Sources */ = {isa = PBXBuildFile; fileRef = 9B44827B1F1A5AD200775C2B /* main.m */; };
		9B44827F1F1A5AD200775C2B /* AppDelegate.m in Sources */ = {isa = PBXBuildFile; fileRef = 9B44827E1F1A5AD200775C2B /* AppDelegate.m */; };
		9B4482821F1A5AD200775C2B /* ViewController.m in Sources */ = {isa = PBXBuildFile; fileRef = 9B4482811F1A5AD200775C2B /* ViewController.m */; };
		9B4482851F1A5AD200775C2B /* Main.storyboard in Resources */ = {isa = PBXBuildFile; fileRef = 9B4482831F1A5AD200775C2B /* Main.storyboard */; };
		9B4482871F1A5AD200775C2B /* Assets.xcassets in Resources */ = {isa = PBXBuildFile; fileRef = 9B4482861F1A5AD200775C2B /* Assets.xcassets */; };
		9B44828A1F1A5AD200775C2B /* LaunchScreen.storyboard in Resources */ = {isa = PBXBuildFile; fileRef = 9B4482881F1A5AD200775C2B /* LaunchScreen.storyboard */; };
		9B4482951F1A5AD200775C2B /* QQUITextFieldDatePickerTests.m in Sources */ = {isa = PBXBuildFile; fileRef = 9B4482941F1A5AD200775C2B /* QQUITextFieldDatePickerTests.m */; };
		9B4482A01F1A5AD200775C2B /* QQUITextFieldDatePickerUITests.m in Sources */ = {isa = PBXBuildFile; fileRef = 9B44829F1F1A5AD200775C2B /* QQUITextFieldDatePickerUITests.m */; };
		9B4482AF1F1A5AE000775C2B /* UITextField+DatePicker.m in Sources */ = {isa = PBXBuildFile; fileRef = 9B4482AE1F1A5AE000775C2B /* UITextField+DatePicker.m */; };
/* End PBXBuildFile section */

/* Begin PBXContainerItemProxy section */
		9B4482911F1A5AD200775C2B /* PBXContainerItemProxy */ = {
			isa = PBXContainerItemProxy;
			containerPortal = 9B44826F1F1A5AD200775C2B /* Project object */;
			proxyType = 1;
			remoteGlobalIDString = 9B4482761F1A5AD200775C2B;
			remoteInfo = QQUITextFieldDatePicker;
		};
		9B44829C1F1A5AD200775C2B /* PBXContainerItemProxy */ = {
			isa = PBXContainerItemProxy;
			containerPortal = 9B44826F1F1A5AD200775C2B /* Project object */;
			proxyType = 1;
			remoteGlobalIDString = 9B4482761F1A5AD200775C2B;
			remoteInfo = QQUITextFieldDatePicker;
		};
/* End PBXContainerItemProxy section */

/* Begin PBXFileReference section */
		9B4482771F1A5AD200775C2B /* QQUITextFieldDatePicker.app */ = {isa = PBXFileReference; explicitFileType = wrapper.application; includeInIndex = 0; path = QQUITextFieldDatePicker.app; sourceTree = BUILT_PRODUCTS_DIR; };
		9B44827B1F1A5AD200775C2B /* main.m */ = {isa = PBXFileReference; lastKnownFileType = sourcecode.c.objc; path = main.m; sourceTree = "<group>"; };
		9B44827D1F1A5AD200775C2B /* AppDelegate.h */ = {isa = PBXFileReference; lastKnownFileType = sourcecode.c.h; path = AppDelegate.h; sourceTree = "<group>"; };
		9B44827E1F1A5AD200775C2B /* AppDelegate.m */ = {isa = PBXFileReference; lastKnownFileType = sourcecode.c.objc; path = AppDelegate.m; sourceTree = "<group>"; };
		9B4482801F1A5AD200775C2B /* ViewController.h */ = {isa = PBXFileReference; lastKnownFileType = sourcecode.c.h; path = ViewController.h; sourceTree = "<group>"; };
		9B4482811F1A5AD200775C2B /* ViewController.m */ = {isa = PBXFileReference; lastKnownFileType = sourcecode.c.objc; path = ViewController.m; sourceTree = "<group>"; };
		9B4482841F1A5AD200775C2B /* Base */ = {isa = PBXFileReference; lastKnownFileType = file.storyboard; name = Base; path = Base.lproj/Main.storyboard; sourceTree = "<group>"; };
		9B4482861F1A5AD200775C2B /* Assets.xcassets */ = {isa = PBXFileReference; lastKnownFileType = folder.assetcatalog; path = Assets.xcassets; sourceTree = "<group>"; };
		9B4482891F1A5AD200775C2B /* Base */ = {isa = PBXFileReference; lastKnownFileType = file.storyboard; name = Base; path = Base.lproj/LaunchScreen.storyboard; sourceTree = "<group>"; };
		9B44828B1F1A5AD200775C2B /* Info.plist */ = {isa = PBXFileReference; lastKnownFileType = text.plist.xml; path = Info.plist; sourceTree = "<group>"; };
		9B4482901F1A5AD200775C2B /* QQUITextFieldDatePickerTests.xctest */ = {isa = PBXFileReference; explicitFileType = wrapper.cfbundle; includeInIndex = 0; path = QQUITextFieldDatePickerTests.xctest; sourceTree = BUILT_PRODUCTS_DIR; };
		9B4482941F1A5AD200775C2B /* QQUITextFieldDatePickerTests.m */ = {isa = PBXFileReference; lastKnownFileType = sourcecode.c.objc; path = QQUITextFieldDatePickerTests.m; sourceTree = "<group>"; };
		9B4482961F1A5AD200775C2B /* Info.plist */ = {isa = PBXFileReference; lastKnownFileType = text.plist.xml; path = Info.plist; sourceTree = "<group>"; };
		9B44829B1F1A5AD200775C2B /* QQUITextFieldDatePickerUITests.xctest */ = {isa = PBXFileReference; explicitFileType = wrapper.cfbundle; includeInIndex = 0; path = QQUITextFieldDatePickerUITests.xctest; sourceTree = BUILT_PRODUCTS_DIR; };
		9B44829F1F1A5AD200775C2B /* QQUITextFieldDatePickerUITests.m */ = {isa = PBXFileReference; lastKnownFileType = sourcecode.c.objc; path = QQUITextFieldDatePickerUITests.m; sourceTree = "<group>"; };
		9B4482A11F1A5AD200775C2B /* Info.plist */ = {isa = PBXFileReference; lastKnownFileType = text.plist.xml; path = Info.plist; sourceTree = "<group>"; };
		9B4482AD1F1A5AE000775C2B /* UITextField+DatePicker.h */ = {isa = PBXFileReference; fileEncoding = 4; lastKnownFileType = sourcecode.c.h; path = "UITextField+DatePicker.h"; sourceTree = "<group>"; };
		9B4482AE1F1A5AE000775C2B /* UITextField+DatePicker.m */ = {isa = PBXFileReference; fileEncoding = 4; lastKnownFileType = sourcecode.c.objc; path = "UITextField+DatePicker.m"; sourceTree = "<group>"; };
/* End PBXFileReference section */

/* Begin PBXFrameworksBuildPhase section */
		9B4482741F1A5AD200775C2B /* Frameworks */ = {
			isa = PBXFrameworksBuildPhase;
			buildActionMask = 2147483647;
			files = (
			);
			runOnlyForDeploymentPostprocessing = 0;
		};
		9B44828D1F1A5AD200775C2B /* Frameworks */ = {
			isa = PBXFrameworksBuildPhase;
			buildActionMask = 2147483647;
			files = (
			);
			runOnlyForDeploymentPostprocessing = 0;
		};
		9B4482981F1A5AD200775C2B /* Frameworks */ = {
			isa = PBXFrameworksBuildPhase;
			buildActionMask = 2147483647;
			files = (
			);
			runOnlyForDeploymentPostprocessing = 0;
		};
/* End PBXFrameworksBuildPhase section */

/* Begin PBXGroup section */
		9B44826E1F1A5AD200775C2B = {
			isa = PBXGroup;
			children = (
				9B4482791F1A5AD200775C2B /* QQUITextFieldDatePicker */,
				9B4482931F1A5AD200775C2B /* QQUITextFieldDatePickerTests */,
				9B44829E1F1A5AD200775C2B /* QQUITextFieldDatePickerUITests */,
				9B4482781F1A5AD200775C2B /* Products */,
			);
			sourceTree = "<group>";
		};
		9B4482781F1A5AD200775C2B /* Products */ = {
			isa = PBXGroup;
			children = (
				9B4482771F1A5AD200775C2B /* QQUITextFieldDatePicker.app */,
				9B4482901F1A5AD200775C2B /* QQUITextFieldDatePickerTests.xctest */,
				9B44829B1F1A5AD200775C2B /* QQUITextFieldDatePickerUITests.xctest */,
			);
			name = Products;
			sourceTree = "<group>";
		};
		9B4482791F1A5AD200775C2B /* QQUITextFieldDatePicker */ = {
			isa = PBXGroup;
			children = (
				9B4482AD1F1A5AE000775C2B /* UITextField+DatePicker.h */,
				9B4482AE1F1A5AE000775C2B /* UITextField+DatePicker.m */,
				9B44827D1F1A5AD200775C2B /* AppDelegate.h */,
				9B44827E1F1A5AD200775C2B /* AppDelegate.m */,
				9B4482801F1A5AD200775C2B /* ViewController.h */,
				9B4482811F1A5AD200775C2B /* ViewController.m */,
				9B4482831F1A5AD200775C2B /* Main.storyboard */,
				9B4482861F1A5AD200775C2B /* Assets.xcassets */,
				9B4482881F1A5AD200775C2B /* LaunchScreen.storyboard */,
				9B44828B1F1A5AD200775C2B /* Info.plist */,
				9B44827A1F1A5AD200775C2B /* Supporting Files */,
			);
			path = QQUITextFieldDatePicker;
			sourceTree = "<group>";
		};
		9B44827A1F1A5AD200775C2B /* Supporting Files */ = {
			isa = PBXGroup;
			children = (
				9B44827B1F1A5AD200775C2B /* main.m */,
			);
			name = "Supporting Files";
			sourceTree = "<group>";
		};
		9B4482931F1A5AD200775C2B /* QQUITextFieldDatePickerTests */ = {
			isa = PBXGroup;
			children = (
				9B4482941F1A5AD200775C2B /* QQUITextFieldDatePickerTests.m */,
				9B4482961F1A5AD200775C2B /* Info.plist */,
			);
			path = QQUITextFieldDatePickerTests;
			sourceTree = "<group>";
		};
		9B44829E1F1A5AD200775C2B /* QQUITextFieldDatePickerUITests */ = {
			isa = PBXGroup;
			children = (
				9B44829F1F1A5AD200775C2B /* QQUITextFieldDatePickerUITests.m */,
				9B4482A11F1A5AD200775C2B /* Info.plist */,
			);
			path = QQUITextFieldDatePickerUITests;
			sourceTree = "<group>";
		};
/* End PBXGroup section */

/* Begin PBXNativeTarget section */
		9B4482761F1A5AD200775C2B /* QQUITextFieldDatePicker */ = {
			isa = PBXNativeTarget;
			buildConfigurationList = 9B4482A41F1A5AD200775C2B /* Build configuration list for PBXNativeTarget "QQUITextFieldDatePicker" */;
			buildPhases = (
				9B4482731F1A5AD200775C2B /* Sources */,
				9B4482741F1A5AD200775C2B /* Frameworks */,
				9B4482751F1A5AD200775C2B /* Resources */,
			);
			buildRules = (
			);
			dependencies = (
			);
			name = QQUITextFieldDatePicker;
			productName = QQUITextFieldDatePicker;
			productReference = 9B4482771F1A5AD200775C2B /* QQUITextFieldDatePicker.app */;
			productType = "com.apple.product-type.application";
		};
		9B44828F1F1A5AD200775C2B /* QQUITextFieldDatePickerTests */ = {
			isa = PBXNativeTarget;
			buildConfigurationList = 9B4482A71F1A5AD200775C2B /* Build configuration list for PBXNativeTarget "QQUITextFieldDatePickerTests" */;
			buildPhases = (
				9B44828C1F1A5AD200775C2B /* Sources */,
				9B44828D1F1A5AD200775C2B /* Frameworks */,
				9B44828E1F1A5AD200775C2B /* Resources */,
			);
			buildRules = (
			);
			dependencies = (
				9B4482921F1A5AD200775C2B /* PBXTargetDependency */,
			);
			name = QQUITextFieldDatePickerTests;
			productName = QQUITextFieldDatePickerTests;
			productReference = 9B4482901F1A5AD200775C2B /* QQUITextFieldDatePickerTests.xctest */;
			productType = "com.apple.product-type.bundle.unit-test";
		};
		9B44829A1F1A5AD200775C2B /* QQUITextFieldDatePickerUITests */ = {
			isa = PBXNativeTarget;
			buildConfigurationList = 9B4482AA1F1A5AD200775C2B /* Build configuration list for PBXNativeTarget "QQUITextFieldDatePickerUITests" */;
			buildPhases = (
				9B4482971F1A5AD200775C2B /* Sources */,
				9B4482981F1A5AD200775C2B /* Frameworks */,
				9B4482991F1A5AD200775C2B /* Resources */,
			);
			buildRules = (
			);
			dependencies = (
				9B44829D1F1A5AD200775C2B /* PBXTargetDependency */,
			);
			name = QQUITextFieldDatePickerUITests;
			productName = QQUITextFieldDatePickerUITests;
			productReference = 9B44829B1F1A5AD200775C2B /* QQUITextFieldDatePickerUITests.xctest */;
			productType = "com.apple.product-type.bundle.ui-testing";
		};
/* End PBXNativeTarget section */

/* Begin PBXProject section */
		9B44826F1F1A5AD200775C2B /* Project object */ = {
			isa = PBXProject;
			attributes = {
				LastUpgradeCheck = 0830;
				ORGANIZATIONNAME = zzk;
				TargetAttributes = {
					9B4482761F1A5AD200775C2B = {
						CreatedOnToolsVersion = 8.3.2;
						ProvisioningStyle = Automatic;
					};
					9B44828F1F1A5AD200775C2B = {
						CreatedOnToolsVersion = 8.3.2;
						ProvisioningStyle = Automatic;
						TestTargetID = 9B4482761F1A5AD200775C2B;
					};
					9B44829A1F1A5AD200775C2B = {
						CreatedOnToolsVersion = 8.3.2;
						ProvisioningStyle = Automatic;
						TestTargetID = 9B4482761F1A5AD200775C2B;
					};
				};
			};
			buildConfigurationList = 9B4482721F1A5AD200775C2B /* Build configuration list for PBXProject "QQUITextFieldDatePicker" */;
			compatibilityVersion = "Xcode 3.2";
			developmentRegion = English;
			hasScannedForEncodings = 0;
			knownRegions = (
				en,
				Base,
			);
			mainGroup = 9B44826E1F1A5AD200775C2B;
			productRefGroup = 9B4482781F1A5AD200775C2B /* Products */;
			projectDirPath = "";
			projectRoot = "";
			targets = (
				9B4482761F1A5AD200775C2B /* QQUITextFieldDatePicker */,
				9B44828F1F1A5AD200775C2B /* QQUITextFieldDatePickerTests */,
				9B44829A1F1A5AD200775C2B /* QQUITextFieldDatePickerUITests */,
			);
		};
/* End PBXProject section */

/* Begin PBXResourcesBuildPhase section */
		9B4482751F1A5AD200775C2B /* Resources */ = {
			isa = PBXResourcesBuildPhase;
			buildActionMask = 2147483647;
			files = (
				9B44828A1F1A5AD200775C2B /* LaunchScreen.storyboard in Resources */,
				9B4482871F1A5AD200775C2B /* Assets.xcassets in Resources */,
				9B4482851F1A5AD200775C2B /* Main.storyboard in Resources */,
			);
			runOnlyForDeploymentPostprocessing = 0;
		};
		9B44828E1F1A5AD200775C2B /* Resources */ = {
			isa = PBXResourcesBuildPhase;
			buildActionMask = 2147483647;
			files = (
			);
			runOnlyForDeploymentPostprocessing = 0;
		};
		9B4482991F1A5AD200775C2B /* Resources */ = {
			isa = PBXResourcesBuildPhase;
			buildActionMask = 2147483647;
			files = (
			);
			runOnlyForDeploymentPostprocessing = 0;
		};
/* End PBXResourcesBuildPhase section */

/* Begin PBXSourcesBuildPhase section */
		9B4482731F1A5AD200775C2B /* Sources */ = {
			isa = PBXSourcesBuildPhase;
			buildActionMask = 2147483647;
			files = (
				9B4482821F1A5AD200775C2B /* ViewController.m in Sources */,
				9B4482AF1F1A5AE000775C2B /* UITextField+DatePicker.m in Sources */,
				9B44827F1F1A5AD200775C2B /* AppDelegate.m in Sources */,
				9B44827C1F1A5AD200775C2B /* main.m in Sources */,
			);
			runOnlyForDeploymentPostprocessing = 0;
		};
		9B44828C1F1A5AD200775C2B /* Sources */ = {
			isa = PBXSourcesBuildPhase;
			buildActionMask = 2147483647;
			files = (
				9B4482951F1A5AD200775C2B /* QQUITextFieldDatePickerTests.m in Sources */,
			);
			runOnlyForDeploymentPostprocessing = 0;
		};
		9B4482971F1A5AD200775C2B /* Sources */ = {
			isa = PBXSourcesBuildPhase;
			buildActionMask = 2147483647;
			files = (
				9B4482A01F1A5AD200775C2B /* QQUITextFieldDatePickerUITests.m in Sources */,
			);
			runOnlyForDeploymentPostprocessing = 0;
		};
/* End PBXSourcesBuildPhase section */

/* Begin PBXTargetDependency section */
		9B4482921F1A5AD200775C2B /* PBXTargetDependency */ = {
			isa = PBXTargetDependency;
			target = 9B4482761F1A5AD200775C2B /* QQUITextFieldDatePicker */;
			targetProxy = 9B4482911F1A5AD200775C2B /* PBXContainerItemProxy */;
		};
		9B44829D1F1A5AD200775C2B /* PBXTargetDependency */ = {
			isa = PBXTargetDependency;
			target = 9B4482761F1A5AD200775C2B /* QQUITextFieldDatePicker */;
			targetProxy = 9B44829C1F1A5AD200775C2B /* PBXContainerItemProxy */;
		};
/* End PBXTargetDependency section */

/* Begin PBXVariantGroup section */
		9B4482831F1A5AD200775C2B /* Main.storyboard */ = {
			isa = PBXVariantGroup;
			children = (
				9B4482841F1A5AD200775C2B /* Base */,
			);
			name = Main.storyboard;
			sourceTree = "<group>";
		};
		9B4482881F1A5AD200775C2B /* LaunchScreen.storyboard */ = {
			isa = PBXVariantGroup;
			children = (
				9B4482891F1A5AD200775C2B /* Base */,
			);
			name = LaunchScreen.storyboard;
			sourceTree = "<group>";
		};
/* End PBXVariantGroup section */

/* Begin XCBuildConfiguration section */
		9B4482A21F1A5AD200775C2B /* Debug */ = {
			isa = XCBuildConfiguration;
			buildSettings = {
				ALWAYS_SEARCH_USER_PATHS = NO;
				CLANG_ANALYZER_NONNULL = YES;
				CLANG_ANALYZER_NUMBER_OBJECT_CONVERSION = YES_AGGRESSIVE;
				CLANG_CXX_LANGUAGE_STANDARD = "gnu++0x";
				CLANG_CXX_LIBRARY = "libc++";
				CLANG_ENABLE_MODULES = YES;
				CLANG_ENABLE_OBJC_ARC = YES;
				CLANG_WARN_BOOL_CONVERSION = YES;
				CLANG_WARN_CONSTANT_CONVERSION = YES;
				CLANG_WARN_DIRECT_OBJC_ISA_USAGE = YES_ERROR;
				CLANG_WARN_DOCUMENTATION_COMMENTS = YES;
				CLANG_WARN_EMPTY_BODY = YES;
				CLANG_WARN_ENUM_CONVERSION = YES;
				CLANG_WARN_INFINITE_RECURSION = YES;
				CLANG_WARN_INT_CONVERSION = YES;
				CLANG_WARN_OBJC_ROOT_CLASS = YES_ERROR;
				CLANG_WARN_SUSPICIOUS_MOVE = YES;
				CLANG_WARN_UNREACHABLE_CODE = YES;
				CLANG_WARN__DUPLICATE_METHOD_MATCH = YES;
				"CODE_SIGN_IDENTITY[sdk=iphoneos*]" = "iPhone Developer";
				COPY_PHASE_STRIP = NO;
				DEBUG_INFORMATION_FORMAT = dwarf;
				ENABLE_STRICT_OBJC_MSGSEND = YES;
				ENABLE_TESTABILITY = YES;
				GCC_C_LANGUAGE_STANDARD = gnu99;
				GCC_DYNAMIC_NO_PIC = NO;
				GCC_NO_COMMON_BLOCKS = YES;
				GCC_OPTIMIZATION_LEVEL = 0;
				GCC_PREPROCESSOR_DEFINITIONS = (
					"DEBUG=1",
					"$(inherited)",
				);
				GCC_WARN_64_TO_32_BIT_CONVERSION = YES;
				GCC_WARN_ABOUT_RETURN_TYPE = YES_ERROR;
				GCC_WARN_UNDECLARED_SELECTOR = YES;
				GCC_WARN_UNINITIALIZED_AUTOS = YES_AGGRESSIVE;
				GCC_WARN_UNUSED_FUNCTION = YES;
				GCC_WARN_UNUSED_VARIABLE = YES;
				IPHONEOS_DEPLOYMENT_TARGET = 10.3;
				MTL_ENABLE_DEBUG_INFO = YES;
				ONLY_ACTIVE_ARCH = YES;
				SDKROOT = iphoneos;
			};
			name = Debug;
		};
		9B4482A31F1A5AD200775C2B /* Release */ = {
			isa = XCBuildConfiguration;
			buildSettings = {
				ALWAYS_SEARCH_USER_PATHS = NO;
				CLANG_ANALYZER_NONNULL = YES;
				CLANG_ANALYZER_NUMBER_OBJECT_CONVERSION = YES_AGGRESSIVE;
				CLANG_CXX_LANGUAGE_STANDARD = "gnu++0x";
				CLANG_CXX_LIBRARY = "libc++";
				CLANG_ENABLE_MODULES = YES;
				CLANG_ENABLE_OBJC_ARC = YES;
				CLANG_WARN_BOOL_CONVERSION = YES;
				CLANG_WARN_CONSTANT_CONVERSION = YES;
				CLANG_WARN_DIRECT_OBJC_ISA_USAGE = YES_ERROR;
				CLANG_WARN_DOCUMENTATION_COMMENTS = YES;
				CLANG_WARN_EMPTY_BODY = YES;
				CLANG_WARN_ENUM_CONVERSION = YES;
				CLANG_WARN_INFINITE_RECURSION = YES;
				CLANG_WARN_INT_CONVERSION = YES;
				CLANG_WARN_OBJC_ROOT_CLASS = YES_ERROR;
				CLANG_WARN_SUSPICIOUS_MOVE = YES;
				CLANG_WARN_UNREACHABLE_CODE = YES;
				CLANG_WARN__DUPLICATE_METHOD_MATCH = YES;
				"CODE_SIGN_IDENTITY[sdk=iphoneos*]" = "iPhone Developer";
				COPY_PHASE_STRIP = NO;
				DEBUG_INFORMATION_FORMAT = "dwarf-with-dsym";
				ENABLE_NS_ASSERTIONS = NO;
				ENABLE_STRICT_OBJC_MSGSEND = YES;
				GCC_C_LANGUAGE_STANDARD = gnu99;
				GCC_NO_COMMON_BLOCKS = YES;
				GCC_WARN_64_TO_32_BIT_CONVERSION = YES;
				GCC_WARN_ABOUT_RETURN_TYPE = YES_ERROR;
				GCC_WARN_UNDECLARED_SELECTOR = YES;
				GCC_WARN_UNINITIALIZED_AUTOS = YES_AGGRESSIVE;
				GCC_WARN_UNUSED_FUNCTION = YES;
				GCC_WARN_UNUSED_VARIABLE = YES;
				IPHONEOS_DEPLOYMENT_TARGET = 10.3;
				MTL_ENABLE_DEBUG_INFO = NO;
				SDKROOT = iphoneos;
				VALIDATE_PRODUCT = YES;
			};
			name = Release;
		};
		9B4482A51F1A5AD200775C2B /* Debug */ = {
			isa = XCBuildConfiguration;
			buildSettings = {
				ASSETCATALOG_COMPILER_APPICON_NAME = AppIcon;
				INFOPLIST_FILE = QQUITextFieldDatePicker/Info.plist;
				LD_RUNPATH_SEARCH_PATHS = "$(inherited) @executable_path/Frameworks";
				PRODUCT_BUNDLE_IDENTIFIER = com.zzkong.QQUITextFieldDatePicker;
				PRODUCT_NAME = "$(TARGET_NAME)";
			};
			name = Debug;
		};
		9B4482A61F1A5AD200775C2B /* Release */ = {
			isa = XCBuildConfiguration;
			buildSettings = {
				ASSETCATALOG_COMPILER_APPICON_NAME = AppIcon;
				INFOPLIST_FILE = QQUITextFieldDatePicker/Info.plist;
				LD_RUNPATH_SEARCH_PATHS = "$(inherited) @executable_path/Frameworks";
				PRODUCT_BUNDLE_IDENTIFIER = com.zzkong.QQUITextFieldDatePicker;
				PRODUCT_NAME = "$(TARGET_NAME)";
			};
			name = Release;
		};
		9B4482A81F1A5AD200775C2B /* Debug */ = {
			isa = XCBuildConfiguration;
			buildSettings = {
				BUNDLE_LOADER = "$(TEST_HOST)";
				INFOPLIST_FILE = QQUITextFieldDatePickerTests/Info.plist;
				LD_RUNPATH_SEARCH_PATHS = "$(inherited) @executable_path/Frameworks @loader_path/Frameworks";
				PRODUCT_BUNDLE_IDENTIFIER = com.zzkong.QQUITextFieldDatePickerTests;
				PRODUCT_NAME = "$(TARGET_NAME)";
				TEST_HOST = "$(BUILT_PRODUCTS_DIR)/QQUITextFieldDatePicker.app/QQUITextFieldDatePicker";
			};
			name = Debug;
		};
		9B4482A91F1A5AD200775C2B /* Release */ = {
			isa = XCBuildConfiguration;
			buildSettings = {
				BUNDLE_LOADER = "$(TEST_HOST)";
				INFOPLIST_FILE = QQUITextFieldDatePickerTests/Info.plist;
				LD_RUNPATH_SEARCH_PATHS = "$(inherited) @executable_path/Frameworks @loader_path/Frameworks";
				PRODUCT_BUNDLE_IDENTIFIER = com.zzkong.QQUITextFieldDatePickerTests;
				PRODUCT_NAME = "$(TARGET_NAME)";
				TEST_HOST = "$(BUILT_PRODUCTS_DIR)/QQUITextFieldDatePicker.app/QQUITextFieldDatePicker";
			};
			name = Release;
		};
		9B4482AB1F1A5AD200775C2B /* Debug */ = {
			isa = XCBuildConfiguration;
			buildSettings = {
				INFOPLIST_FILE = QQUITextFieldDatePickerUITests/Info.plist;
				LD_RUNPATH_SEARCH_PATHS = "$(inherited) @executable_path/Frameworks @loader_path/Frameworks";
				PRODUCT_BUNDLE_IDENTIFIER = com.zzkong.QQUITextFieldDatePickerUITests;
				PRODUCT_NAME = "$(TARGET_NAME)";
				TEST_TARGET_NAME = QQUITextFieldDatePicker;
			};
			name = Debug;
		};
		9B4482AC1F1A5AD200775C2B /* Release */ = {
			isa = XCBuildConfiguration;
			buildSettings = {
				INFOPLIST_FILE = QQUITextFieldDatePickerUITests/Info.plist;
				LD_RUNPATH_SEARCH_PATHS = "$(inherited) @executable_path/Frameworks @loader_path/Frameworks";
				PRODUCT_BUNDLE_IDENTIFIER = com.zzkong.QQUITextFieldDatePickerUITests;
				PRODUCT_NAME = "$(TARGET_NAME)";
				TEST_TARGET_NAME = QQUITextFieldDatePicker;
			};
			name = Release;
		};
/* End XCBuildConfiguration section */

/* Begin XCConfigurationList section */
		9B4482721F1A5AD200775C2B /* Build configuration list for PBXProject "QQUITextFieldDatePicker" */ = {
			isa = XCConfigurationList;
			buildConfigurations = (
				9B4482A21F1A5AD200775C2B /* Debug */,
				9B4482A31F1A5AD200775C2B /* Release */,
			);
			defaultConfigurationIsVisible = 0;
			defaultConfigurationName = Release;
		};
		9B4482A41F1A5AD200775C2B /* Build configuration list for PBXNativeTarget "QQUITextFieldDatePicker" */ = {
			isa = XCConfigurationList;
			buildConfigurations = (
				9B4482A51F1A5AD200775C2B /* Debug */,
				9B4482A61F1A5AD200775C2B /* Release */,
			);
			defaultConfigurationIsVisible = 0;
		};
		9B4482A71F1A5AD200775C2B /* Build configuration list for PBXNativeTarget "QQUITextFieldDatePickerTests" */ = {
			isa = XCConfigurationList;
			buildConfigurations = (
				9B4482A81F1A5AD200775C2B /* Debug */,
				9B4482A91F1A5AD200775C2B /* Release */,
			);
			defaultConfigurationIsVisible = 0;
		};
		9B4482AA1F1A5AD200775C2B /* Build configuration list for PBXNativeTarget "QQUITextFieldDatePickerUITests" */ = {
			isa = XCConfigurationList;
			buildConfigurations = (
				9B4482AB1F1A5AD200775C2B /* Debug */,
				9B4482AC1F1A5AD200775C2B /* Release */,
			);
			defaultConfigurationIsVisible = 0;
		};
/* End XCConfigurationList section */
	};
	rootObject = 9B44826F1F1A5AD200775C2B /* Project object */;
}
