// !$*UTF8*$!
{
	archiveVersion = 1;
	classes = {
	};
	objectVersion = 46;
	objects = {

/* Begin PBXBuildFile section */
		9B44823D1F1A1C0600775C2B /* main.m in Sources */ = {isa = PBXBuildFile; fileRef = 9B44823C1F1A1C0600775C2B /* main.m */; };
		9B4482401F1A1C0600775C2B /* AppDelegate.m in Sources */ = {isa = PBXBuildFile; fileRef = 9B44823F1F1A1C0600775C2B /* AppDelegate.m */; };
		9B4482431F1A1C0600775C2B /* ViewController.m in Sources */ = {isa = PBXBuildFile; fileRef = 9B4482421F1A1C0600775C2B /* ViewController.m */; };
		9B4482461F1A1C0600775C2B /* Main.storyboard in Resources */ = {isa = PBXBuildFile; fileRef = 9B4482441F1A1C0600775C2B /* Main.storyboard */; };
		9B4482481F1A1C0600775C2B /* Assets.xcassets in Resources */ = {isa = PBXBuildFile; fileRef = 9B4482471F1A1C0600775C2B /* Assets.xcassets */; };
		9B44824B1F1A1C0600775C2B /* LaunchScreen.storyboard in Resources */ = {isa = PBXBuildFile; fileRef = 9B4482491F1A1C0600775C2B /* LaunchScreen.storyboard */; };
		9B4482561F1A1C0700775C2B /* inputView_inputAccessoryViewTests.m in Sources */ = {isa = PBXBuildFile; fileRef = 9B4482551F1A1C0700775C2B /* inputView_inputAccessoryViewTests.m */; };
		9B4482611F1A1C0700775C2B /* inputView_inputAccessoryViewUITests.m in Sources */ = {isa = PBXBuildFile; fileRef = 9B4482601F1A1C0700775C2B /* inputView_inputAccessoryViewUITests.m */; };
/* End PBXBuildFile section */

/* Begin PBXContainerItemProxy section */
		9B4482521F1A1C0700775C2B /* PBXContainerItemProxy */ = {
			isa = PBXContainerItemProxy;
			containerPortal = 9B4482301F1A1C0600775C2B /* Project object */;
			proxyType = 1;
			remoteGlobalIDString = 9B4482371F1A1C0600775C2B;
			remoteInfo = "inputView和inputAccessoryView";
		};
		9B44825D1F1A1C0700775C2B /* PBXContainerItemProxy */ = {
			isa = PBXContainerItemProxy;
			containerPortal = 9B4482301F1A1C0600775C2B /* Project object */;
			proxyType = 1;
			remoteGlobalIDString = 9B4482371F1A1C0600775C2B;
			remoteInfo = "inputView和inputAccessoryView";
		};
/* End PBXContainerItemProxy section */

/* Begin PBXFileReference section */
		9B4482381F1A1C0600775C2B /* inputView和inputAccessoryView.app */ = {isa = PBXFileReference; explicitFileType = wrapper.application; includeInIndex = 0; path = "inputView和inputAccessoryView.app"; sourceTree = BUILT_PRODUCTS_DIR; };
		9B44823C1F1A1C0600775C2B /* main.m */ = {isa = PBXFileReference; lastKnownFileType = sourcecode.c.objc; path = main.m; sourceTree = "<group>"; };
		9B44823E1F1A1C0600775C2B /* AppDelegate.h */ = {isa = PBXFileReference; lastKnownFileType = sourcecode.c.h; path = AppDelegate.h; sourceTree = "<group>"; };
		9B44823F1F1A1C0600775C2B /* AppDelegate.m */ = {isa = PBXFileReference; lastKnownFileType = sourcecode.c.objc; path = AppDelegate.m; sourceTree = "<group>"; };
		9B4482411F1A1C0600775C2B /* ViewController.h */ = {isa = PBXFileReference; lastKnownFileType = sourcecode.c.h; path = ViewController.h; sourceTree = "<group>"; };
		9B4482421F1A1C0600775C2B /* ViewController.m */ = {isa = PBXFileReference; lastKnownFileType = sourcecode.c.objc; path = ViewController.m; sourceTree = "<group>"; };
		9B4482451F1A1C0600775C2B /* Base */ = {isa = PBXFileReference; lastKnownFileType = file.storyboard; name = Base; path = Base.lproj/Main.storyboard; sourceTree = "<group>"; };
		9B4482471F1A1C0600775C2B /* Assets.xcassets */ = {isa = PBXFileReference; lastKnownFileType = folder.assetcatalog; path = Assets.xcassets; sourceTree = "<group>"; };
		9B44824A1F1A1C0600775C2B /* Base */ = {isa = PBXFileReference; lastKnownFileType = file.storyboard; name = Base; path = Base.lproj/LaunchScreen.storyboard; sourceTree = "<group>"; };
		9B44824C1F1A1C0600775C2B /* Info.plist */ = {isa = PBXFileReference; lastKnownFileType = text.plist.xml; path = Info.plist; sourceTree = "<group>"; };
		9B4482511F1A1C0700775C2B /* inputView和inputAccessoryViewTests.xctest */ = {isa = PBXFileReference; explicitFileType = wrapper.cfbundle; includeInIndex = 0; path = "inputView和inputAccessoryViewTests.xctest"; sourceTree = BUILT_PRODUCTS_DIR; };
		9B4482551F1A1C0700775C2B /* inputView_inputAccessoryViewTests.m */ = {isa = PBXFileReference; lastKnownFileType = sourcecode.c.objc; path = inputView_inputAccessoryViewTests.m; sourceTree = "<group>"; };
		9B4482571F1A1C0700775C2B /* Info.plist */ = {isa = PBXFileReference; lastKnownFileType = text.plist.xml; path = Info.plist; sourceTree = "<group>"; };
		9B44825C1F1A1C0700775C2B /* inputView和inputAccessoryViewUITests.xctest */ = {isa = PBXFileReference; explicitFileType = wrapper.cfbundle; includeInIndex = 0; path = "inputView和inputAccessoryViewUITests.xctest"; sourceTree = BUILT_PRODUCTS_DIR; };
		9B4482601F1A1C0700775C2B /* inputView_inputAccessoryViewUITests.m */ = {isa = PBXFileReference; lastKnownFileType = sourcecode.c.objc; path = inputView_inputAccessoryViewUITests.m; sourceTree = "<group>"; };
		9B4482621F1A1C0700775C2B /* Info.plist */ = {isa = PBXFileReference; lastKnownFileType = text.plist.xml; path = Info.plist; sourceTree = "<group>"; };
/* End PBXFileReference section */

/* Begin PBXFrameworksBuildPhase section */
		9B4482351F1A1C0600775C2B /* Frameworks */ = {
			isa = PBXFrameworksBuildPhase;
			buildActionMask = 2147483647;
			files = (
			);
			runOnlyForDeploymentPostprocessing = 0;
		};
		9B44824E1F1A1C0700775C2B /* Frameworks */ = {
			isa = PBXFrameworksBuildPhase;
			buildActionMask = 2147483647;
			files = (
			);
			runOnlyForDeploymentPostprocessing = 0;
		};
		9B4482591F1A1C0700775C2B /* Frameworks */ = {
			isa = PBXFrameworksBuildPhase;
			buildActionMask = 2147483647;
			files = (
			);
			runOnlyForDeploymentPostprocessing = 0;
		};
/* End PBXFrameworksBuildPhase section */

/* Begin PBXGroup section */
		9B44822F1F1A1C0600775C2B = {
			isa = PBXGroup;
			children = (
				9B44823A1F1A1C0600775C2B /* inputView和inputAccessoryView */,
				9B4482541F1A1C0700775C2B /* inputView和inputAccessoryViewTests */,
				9B44825F1F1A1C0700775C2B /* inputView和inputAccessoryViewUITests */,
				9B4482391F1A1C0600775C2B /* Products */,
			);
			sourceTree = "<group>";
		};
		9B4482391F1A1C0600775C2B /* Products */ = {
			isa = PBXGroup;
			children = (
				9B4482381F1A1C0600775C2B /* inputView和inputAccessoryView.app */,
				9B4482511F1A1C0700775C2B /* inputView和inputAccessoryViewTests.xctest */,
				9B44825C1F1A1C0700775C2B /* inputView和inputAccessoryViewUITests.xctest */,
			);
			name = Products;
			sourceTree = "<group>";
		};
		9B44823A1F1A1C0600775C2B /* inputView和inputAccessoryView */ = {
			isa = PBXGroup;
			children = (
				9B44823E1F1A1C0600775C2B /* AppDelegate.h */,
				9B44823F1F1A1C0600775C2B /* AppDelegate.m */,
				9B4482411F1A1C0600775C2B /* ViewController.h */,
				9B4482421F1A1C0600775C2B /* ViewController.m */,
				9B4482441F1A1C0600775C2B /* Main.storyboard */,
				9B4482471F1A1C0600775C2B /* Assets.xcassets */,
				9B4482491F1A1C0600775C2B /* LaunchScreen.storyboard */,
				9B44824C1F1A1C0600775C2B /* Info.plist */,
				9B44823B1F1A1C0600775C2B /* Supporting Files */,
			);
			path = "inputView和inputAccessoryView";
			sourceTree = "<group>";
		};
		9B44823B1F1A1C0600775C2B /* Supporting Files */ = {
			isa = PBXGroup;
			children = (
				9B44823C1F1A1C0600775C2B /* main.m */,
			);
			name = "Supporting Files";
			sourceTree = "<group>";
		};
		9B4482541F1A1C0700775C2B /* inputView和inputAccessoryViewTests */ = {
			isa = PBXGroup;
			children = (
				9B4482551F1A1C0700775C2B /* inputView_inputAccessoryViewTests.m */,
				9B4482571F1A1C0700775C2B /* Info.plist */,
			);
			path = "inputView和inputAccessoryViewTests";
			sourceTree = "<group>";
		};
		9B44825F1F1A1C0700775C2B /* inputView和inputAccessoryViewUITests */ = {
			isa = PBXGroup;
			children = (
				9B4482601F1A1C0700775C2B /* inputView_inputAccessoryViewUITests.m */,
				9B4482621F1A1C0700775C2B /* Info.plist */,
			);
			path = "inputView和inputAccessoryViewUITests";
			sourceTree = "<group>";
		};
/* End PBXGroup section */

/* Begin PBXNativeTarget section */
		9B4482371F1A1C0600775C2B /* inputView和inputAccessoryView */ = {
			isa = PBXNativeTarget;
			buildConfigurationList = 9B4482651F1A1C0700775C2B /* Build configuration list for PBXNativeTarget "inputView和inputAccessoryView" */;
			buildPhases = (
				9B4482341F1A1C0600775C2B /* Sources */,
				9B4482351F1A1C0600775C2B /* Frameworks */,
				9B4482361F1A1C0600775C2B /* Resources */,
			);
			buildRules = (
			);
			dependencies = (
			);
			name = "inputView和inputAccessoryView";
			productName = "inputView和inputAccessoryView";
			productReference = 9B4482381F1A1C0600775C2B /* inputView和inputAccessoryView.app */;
			productType = "com.apple.product-type.application";
		};
		9B4482501F1A1C0700775C2B /* inputView和inputAccessoryViewTests */ = {
			isa = PBXNativeTarget;
			buildConfigurationList = 9B4482681F1A1C0700775C2B /* Build configuration list for PBXNativeTarget "inputView和inputAccessoryViewTests" */;
			buildPhases = (
				9B44824D1F1A1C0700775C2B /* Sources */,
				9B44824E1F1A1C0700775C2B /* Frameworks */,
				9B44824F1F1A1C0700775C2B /* Resources */,
			);
			buildRules = (
			);
			dependencies = (
				9B4482531F1A1C0700775C2B /* PBXTargetDependency */,
			);
			name = "inputView和inputAccessoryViewTests";
			productName = "inputView和inputAccessoryViewTests";
			productReference = 9B4482511F1A1C0700775C2B /* inputView和inputAccessoryViewTests.xctest */;
			productType = "com.apple.product-type.bundle.unit-test";
		};
		9B44825B1F1A1C0700775C2B /* inputView和inputAccessoryViewUITests */ = {
			isa = PBXNativeTarget;
			buildConfigurationList = 9B44826B1F1A1C0700775C2B /* Build configuration list for PBXNativeTarget "inputView和inputAccessoryViewUITests" */;
			buildPhases = (
				9B4482581F1A1C0700775C2B /* Sources */,
				9B4482591F1A1C0700775C2B /* Frameworks */,
				9B44825A1F1A1C0700775C2B /* Resources */,
			);
			buildRules = (
			);
			dependencies = (
				9B44825E1F1A1C0700775C2B /* PBXTargetDependency */,
			);
			name = "inputView和inputAccessoryViewUITests";
			productName = "inputView和inputAccessoryViewUITests";
			productReference = 9B44825C1F1A1C0700775C2B /* inputView和inputAccessoryViewUITests.xctest */;
			productType = "com.apple.product-type.bundle.ui-testing";
		};
/* End PBXNativeTarget section */

/* Begin PBXProject section */
		9B4482301F1A1C0600775C2B /* Project object */ = {
			isa = PBXProject;
			attributes = {
				LastUpgradeCheck = 0830;
				ORGANIZATIONNAME = zzk;
				TargetAttributes = {
					9B4482371F1A1C0600775C2B = {
						CreatedOnToolsVersion = 8.3.2;
						ProvisioningStyle = Automatic;
					};
					9B4482501F1A1C0700775C2B = {
						CreatedOnToolsVersion = 8.3.2;
						ProvisioningStyle = Automatic;
						TestTargetID = 9B4482371F1A1C0600775C2B;
					};
					9B44825B1F1A1C0700775C2B = {
						CreatedOnToolsVersion = 8.3.2;
						ProvisioningStyle = Automatic;
						TestTargetID = 9B4482371F1A1C0600775C2B;
					};
				};
			};
			buildConfigurationList = 9B4482331F1A1C0600775C2B /* Build configuration list for PBXProject "inputView和inputAccessoryView" */;
			compatibilityVersion = "Xcode 3.2";
			developmentRegion = English;
			hasScannedForEncodings = 0;
			knownRegions = (
				en,
				Base,
			);
			mainGroup = 9B44822F1F1A1C0600775C2B;
			productRefGroup = 9B4482391F1A1C0600775C2B /* Products */;
			projectDirPath = "";
			projectRoot = "";
			targets = (
				9B4482371F1A1C0600775C2B /* inputView和inputAccessoryView */,
				9B4482501F1A1C0700775C2B /* inputView和inputAccessoryViewTests */,
				9B44825B1F1A1C0700775C2B /* inputView和inputAccessoryViewUITests */,
			);
		};
/* End PBXProject section */

/* Begin PBXResourcesBuildPhase section */
		9B4482361F1A1C0600775C2B /* Resources */ = {
			isa = PBXResourcesBuildPhase;
			buildActionMask = 2147483647;
			files = (
				9B44824B1F1A1C0600775C2B /* LaunchScreen.storyboard in Resources */,
				9B4482481F1A1C0600775C2B /* Assets.xcassets in Resources */,
				9B4482461F1A1C0600775C2B /* Main.storyboard in Resources */,
			);
			runOnlyForDeploymentPostprocessing = 0;
		};
		9B44824F1F1A1C0700775C2B /* Resources */ = {
			isa = PBXResourcesBuildPhase;
			buildActionMask = 2147483647;
			files = (
			);
			runOnlyForDeploymentPostprocessing = 0;
		};
		9B44825A1F1A1C0700775C2B /* Resources */ = {
			isa = PBXResourcesBuildPhase;
			buildActionMask = 2147483647;
			files = (
			);
			runOnlyForDeploymentPostprocessing = 0;
		};
/* End PBXResourcesBuildPhase section */

/* Begin PBXSourcesBuildPhase section */
		9B4482341F1A1C0600775C2B /* Sources */ = {
			isa = PBXSourcesBuildPhase;
			buildActionMask = 2147483647;
			files = (
				9B4482431F1A1C0600775C2B /* ViewController.m in Sources */,
				9B4482401F1A1C0600775C2B /* AppDelegate.m in Sources */,
				9B44823D1F1A1C0600775C2B /* main.m in Sources */,
			);
			runOnlyForDeploymentPostprocessing = 0;
		};
		9B44824D1F1A1C0700775C2B /* Sources */ = {
			isa = PBXSourcesBuildPhase;
			buildActionMask = 2147483647;
			files = (
				9B4482561F1A1C0700775C2B /* inputView_inputAccessoryViewTests.m in Sources */,
			);
			runOnlyForDeploymentPostprocessing = 0;
		};
		9B4482581F1A1C0700775C2B /* Sources */ = {
			isa = PBXSourcesBuildPhase;
			buildActionMask = 2147483647;
			files = (
				9B4482611F1A1C0700775C2B /* inputView_inputAccessoryViewUITests.m in Sources */,
			);
			runOnlyForDeploymentPostprocessing = 0;
		};
/* End PBXSourcesBuildPhase section */

/* Begin PBXTargetDependency section */
		9B4482531F1A1C0700775C2B /* PBXTargetDependency */ = {
			isa = PBXTargetDependency;
			target = 9B4482371F1A1C0600775C2B /* inputView和inputAccessoryView */;
			targetProxy = 9B4482521F1A1C0700775C2B /* PBXContainerItemProxy */;
		};
		9B44825E1F1A1C0700775C2B /* PBXTargetDependency */ = {
			isa = PBXTargetDependency;
			target = 9B4482371F1A1C0600775C2B /* inputView和inputAccessoryView */;
			targetProxy = 9B44825D1F1A1C0700775C2B /* PBXContainerItemProxy */;
		};
/* End PBXTargetDependency section */

/* Begin PBXVariantGroup section */
		9B4482441F1A1C0600775C2B /* Main.storyboard */ = {
			isa = PBXVariantGroup;
			children = (
				9B4482451F1A1C0600775C2B /* Base */,
			);
			name = Main.storyboard;
			sourceTree = "<group>";
		};
		9B4482491F1A1C0600775C2B /* LaunchScreen.storyboard */ = {
			isa = PBXVariantGroup;
			children = (
				9B44824A1F1A1C0600775C2B /* Base */,
			);
			name = LaunchScreen.storyboard;
			sourceTree = "<group>";
		};
/* End PBXVariantGroup section */

/* Begin XCBuildConfiguration section */
		9B4482631F1A1C0700775C2B /* Debug */ = {
			isa = XCBuildConfiguration;
			buildSettings = {
				ALWAYS_SEARCH_USER_PATHS = NO;
				CLANG_ANALYZER_NONNULL = YES;
				CLANG_ANALYZER_NUMBER_OBJECT_CONVERSION = YES_AGGRESSIVE;
				CLANG_CXX_LANGUAGE_STANDARD = "gnu++0x";
				CLANG_CXX_LIBRARY = "libc++";
				CLANG_ENABLE_MODULES = YES;
				CLANG_ENABLE_OBJC_ARC = YES;
				CLANG_WARN_BOOL_CONVERSION = YES;
				CLANG_WARN_CONSTANT_CONVERSION = YES;
				CLANG_WARN_DIRECT_OBJC_ISA_USAGE = YES_ERROR;
				CLANG_WARN_DOCUMENTATION_COMMENTS = YES;
				CLANG_WARN_EMPTY_BODY = YES;
				CLANG_WARN_ENUM_CONVERSION = YES;
				CLANG_WARN_INFINITE_RECURSION = YES;
				CLANG_WARN_INT_CONVERSION = YES;
				CLANG_WARN_OBJC_ROOT_CLASS = YES_ERROR;
				CLANG_WARN_SUSPICIOUS_MOVE = YES;
				CLANG_WARN_UNREACHABLE_CODE = YES;
				CLANG_WARN__DUPLICATE_METHOD_MATCH = YES;
				"CODE_SIGN_IDENTITY[sdk=iphoneos*]" = "iPhone Developer";
				COPY_PHASE_STRIP = NO;
				DEBUG_INFORMATION_FORMAT = dwarf;
				ENABLE_STRICT_OBJC_MSGSEND = YES;
				ENABLE_TESTABILITY = YES;
				GCC_C_LANGUAGE_STANDARD = gnu99;
				GCC_DYNAMIC_NO_PIC = NO;
				GCC_NO_COMMON_BLOCKS = YES;
				GCC_OPTIMIZATION_LEVEL = 0;
				GCC_PREPROCESSOR_DEFINITIONS = (
					"DEBUG=1",
					"$(inherited)",
				);
				GCC_WARN_64_TO_32_BIT_CONVERSION = YES;
				GCC_WARN_ABOUT_RETURN_TYPE = YES_ERROR;
				GCC_WARN_UNDECLARED_SELECTOR = YES;
				GCC_WARN_UNINITIALIZED_AUTOS = YES_AGGRESSIVE;
				GCC_WARN_UNUSED_FUNCTION = YES;
				GCC_WARN_UNUSED_VARIABLE = YES;
				IPHONEOS_DEPLOYMENT_TARGET = 10.3;
				MTL_ENABLE_DEBUG_INFO = YES;
				ONLY_ACTIVE_ARCH = YES;
				SDKROOT = iphoneos;
			};
			name = Debug;
		};
		9B4482641F1A1C0700775C2B /* Release */ = {
			isa = XCBuildConfiguration;
			buildSettings = {
				ALWAYS_SEARCH_USER_PATHS = NO;
				CLANG_ANALYZER_NONNULL = YES;
				CLANG_ANALYZER_NUMBER_OBJECT_CONVERSION = YES_AGGRESSIVE;
				CLANG_CXX_LANGUAGE_STANDARD = "gnu++0x";
				CLANG_CXX_LIBRARY = "libc++";
				CLANG_ENABLE_MODULES = YES;
				CLANG_ENABLE_OBJC_ARC = YES;
				CLANG_WARN_BOOL_CONVERSION = YES;
				CLANG_WARN_CONSTANT_CONVERSION = YES;
				CLANG_WARN_DIRECT_OBJC_ISA_USAGE = YES_ERROR;
				CLANG_WARN_DOCUMENTATION_COMMENTS = YES;
				CLANG_WARN_EMPTY_BODY = YES;
				CLANG_WARN_ENUM_CONVERSION = YES;
				CLANG_WARN_INFINITE_RECURSION = YES;
				CLANG_WARN_INT_CONVERSION = YES;
				CLANG_WARN_OBJC_ROOT_CLASS = YES_ERROR;
				CLANG_WARN_SUSPICIOUS_MOVE = YES;
				CLANG_WARN_UNREACHABLE_CODE = YES;
				CLANG_WARN__DUPLICATE_METHOD_MATCH = YES;
				"CODE_SIGN_IDENTITY[sdk=iphoneos*]" = "iPhone Developer";
				COPY_PHASE_STRIP = NO;
				DEBUG_INFORMATION_FORMAT = "dwarf-with-dsym";
				ENABLE_NS_ASSERTIONS = NO;
				ENABLE_STRICT_OBJC_MSGSEND = YES;
				GCC_C_LANGUAGE_STANDARD = gnu99;
				GCC_NO_COMMON_BLOCKS = YES;
				GCC_WARN_64_TO_32_BIT_CONVERSION = YES;
				GCC_WARN_ABOUT_RETURN_TYPE = YES_ERROR;
				GCC_WARN_UNDECLARED_SELECTOR = YES;
				GCC_WARN_UNINITIALIZED_AUTOS = YES_AGGRESSIVE;
				GCC_WARN_UNUSED_FUNCTION = YES;
				GCC_WARN_UNUSED_VARIABLE = YES;
				IPHONEOS_DEPLOYMENT_TARGET = 10.3;
				MTL_ENABLE_DEBUG_INFO = NO;
				SDKROOT = iphoneos;
				VALIDATE_PRODUCT = YES;
			};
			name = Release;
		};
		9B4482661F1A1C0700775C2B /* Debug */ = {
			isa = XCBuildConfiguration;
			buildSettings = {
				ASSETCATALOG_COMPILER_APPICON_NAME = AppIcon;
				INFOPLIST_FILE = "inputView和inputAccessoryView/Info.plist";
				LD_RUNPATH_SEARCH_PATHS = "$(inherited) @executable_path/Frameworks";
				PRODUCT_BUNDLE_IDENTIFIER = "com.zzkong.inputView-inputAccessoryView";
				PRODUCT_NAME = "$(TARGET_NAME)";
			};
			name = Debug;
		};
		9B4482671F1A1C0700775C2B /* Release */ = {
			isa = XCBuildConfiguration;
			buildSettings = {
				ASSETCATALOG_COMPILER_APPICON_NAME = AppIcon;
				INFOPLIST_FILE = "inputView和inputAccessoryView/Info.plist";
				LD_RUNPATH_SEARCH_PATHS = "$(inherited) @executable_path/Frameworks";
				PRODUCT_BUNDLE_IDENTIFIER = "com.zzkong.inputView-inputAccessoryView";
				PRODUCT_NAME = "$(TARGET_NAME)";
			};
			name = Release;
		};
		9B4482691F1A1C0700775C2B /* Debug */ = {
			isa = XCBuildConfiguration;
			buildSettings = {
				BUNDLE_LOADER = "$(TEST_HOST)";
				INFOPLIST_FILE = "inputView和inputAccessoryViewTests/Info.plist";
				LD_RUNPATH_SEARCH_PATHS = "$(inherited) @executable_path/Frameworks @loader_path/Frameworks";
				PRODUCT_BUNDLE_IDENTIFIER = "com.zzkong.inputView-inputAccessoryViewTests";
				PRODUCT_NAME = "$(TARGET_NAME)";
				TEST_HOST = "$(BUILT_PRODUCTS_DIR)/inputView和inputAccessoryView.app/inputView和inputAccessoryView";
			};
			name = Debug;
		};
		9B44826A1F1A1C0700775C2B /* Release */ = {
			isa = XCBuildConfiguration;
			buildSettings = {
				BUNDLE_LOADER = "$(TEST_HOST)";
				INFOPLIST_FILE = "inputView和inputAccessoryViewTests/Info.plist";
				LD_RUNPATH_SEARCH_PATHS = "$(inherited) @executable_path/Frameworks @loader_path/Frameworks";
				PRODUCT_BUNDLE_IDENTIFIER = "com.zzkong.inputView-inputAccessoryViewTests";
				PRODUCT_NAME = "$(TARGET_NAME)";
				TEST_HOST = "$(BUILT_PRODUCTS_DIR)/inputView和inputAccessoryView.app/inputView和inputAccessoryView";
			};
			name = Release;
		};
		9B44826C1F1A1C0700775C2B /* Debug */ = {
			isa = XCBuildConfiguration;
			buildSettings = {
				INFOPLIST_FILE = "inputView和inputAccessoryViewUITests/Info.plist";
				LD_RUNPATH_SEARCH_PATHS = "$(inherited) @executable_path/Frameworks @loader_path/Frameworks";
				PRODUCT_BUNDLE_IDENTIFIER = "com.zzkong.inputView-inputAccessoryViewUITests";
				PRODUCT_NAME = "$(TARGET_NAME)";
				TEST_TARGET_NAME = "inputView和inputAccessoryView";
			};
			name = Debug;
		};
		9B44826D1F1A1C0700775C2B /* Release */ = {
			isa = XCBuildConfiguration;
			buildSettings = {
				INFOPLIST_FILE = "inputView和inputAccessoryViewUITests/Info.plist";
				LD_RUNPATH_SEARCH_PATHS = "$(inherited) @executable_path/Frameworks @loader_path/Frameworks";
				PRODUCT_BUNDLE_IDENTIFIER = "com.zzkong.inputView-inputAccessoryViewUITests";
				PRODUCT_NAME = "$(TARGET_NAME)";
				TEST_TARGET_NAME = "inputView和inputAccessoryView";
			};
			name = Release;
		};
/* End XCBuildConfiguration section */

/* Begin XCConfigurationList section */
		9B4482331F1A1C0600775C2B /* Build configuration list for PBXProject "inputView和inputAccessoryView" */ = {
			isa = XCConfigurationList;
			buildConfigurations = (
				9B4482631F1A1C0700775C2B /* Debug */,
				9B4482641F1A1C0700775C2B /* Release */,
			);
			defaultConfigurationIsVisible = 0;
			defaultConfigurationName = Release;
		};
		9B4482651F1A1C0700775C2B /* Build configuration list for PBXNativeTarget "inputView和inputAccessoryView" */ = {
			isa = XCConfigurationList;
			buildConfigurations = (
				9B4482661F1A1C0700775C2B /* Debug */,
				9B4482671F1A1C0700775C2B /* Release */,
			);
			defaultConfigurationIsVisible = 0;
		};
		9B4482681F1A1C0700775C2B /* Build configuration list for PBXNativeTarget "inputView和inputAccessoryViewTests" */ = {
			isa = XCConfigurationList;
			buildConfigurations = (
				9B4482691F1A1C0700775C2B /* Debug */,
				9B44826A1F1A1C0700775C2B /* Release */,
			);
			defaultConfigurationIsVisible = 0;
		};
		9B44826B1F1A1C0700775C2B /* Build configuration list for PBXNativeTarget "inputView和inputAccessoryViewUITests" */ = {
			isa = XCConfigurationList;
			buildConfigurations = (
				9B44826C1F1A1C0700775C2B /* Debug */,
				9B44826D1F1A1C0700775C2B /* Release */,
			);
			defaultConfigurationIsVisible = 0;
		};
/* End XCConfigurationList section */
	};
	rootObject = 9B4482301F1A1C0600775C2B /* Project object */;
}
